
Microsoft Visual Studio Solution File, Format Version 12.00
# Visual Studio 15
VisualStudioVersion = 15.0.26124.0
MinimumVisualStudioVersion = 15.0.26124.0
Project("{2150E333-8FDC-42A3-9474-1A3956D46DE8}") = "src", "src", "{B21BA716-8767-40F0-8BE5-5F33AC9762B4}"
EndProject
Project("{FAE04EC0-301F-11D3-BF4B-00C04F79EFBC}") = "EventGridPubSub.Publisher", "src\EventGridPubSub.Publisher\EventGridPubSub.Publisher.csproj", "{541E92F7-E11F-4296-B900-D2724C664D4E}"
EndProject
Project("{FAE04EC0-301F-11D3-BF4B-00C04F79EFBC}") = "EventGridPubSub.Subscriber", "src\EventGridPubSub.Subscriber\EventGridPubSub.Subscriber.csproj", "{9A9FDF87-DEF7-4A0A-9543-2B604DFCAF02}"
EndProject
Project("{FAE04EC0-301F-11D3-BF4B-00C04F79EFBC}") = "EventGridPubSub.Tester", "src\EventGridPubSub.Tester\EventGridPubSub.Tester.csproj", "{91DD1AFE-A146-4611-8712-18CAC4E768ED}"
EndProject
Project("{FAE04EC0-301F-11D3-BF4B-00C04F79EFBC}") = "EventGridPubSub.InMemoryMock", "src\EventGridPubSub.InMemoryMock\EventGridPubSub.InMemoryMock.csproj", "{32ED02D6-D0E2-4D6B-9727-333FA381D41F}"
EndProject
Project("{2150E333-8FDC-42A3-9474-1A3956D46DE8}") = "tests", "tests", "{CF93DA10-8D17-40D4-9B35-38434E498B1B}"
EndProject
Project("{FAE04EC0-301F-11D3-BF4B-00C04F79EFBC}") = "EventGrid.Tests.Publisher", "tests\EventGrid.Tests.Publisher\EventGrid.Tests.Publisher.csproj", "{03652A46-846D-4453-A0C6-80F631A8AD03}"
EndProject
Project("{FAE04EC0-301F-11D3-BF4B-00C04F79EFBC}") = "EventGrid.Tests.Subscriber", "tests\EventGrid.Tests.Subscriber\EventGrid.Tests.Subscriber.csproj", "{A4213E5C-C017-4BB9-A6A6-A9E99371111D}"
EndProject
Project("{FAE04EC0-301F-11D3-BF4B-00C04F79EFBC}") = "EventGrid.Tests.InMemoryMock", "tests\EventGrid.Tests.InMemoryMock\EventGrid.Tests.InMemoryMock.csproj", "{300EDE35-09B1-4EA6-9B00-8D5BD66F5531}"
EndProject
Global
	GlobalSection(SolutionConfigurationPlatforms) = preSolution
		Debug|Any CPU = Debug|Any CPU
		Debug|x64 = Debug|x64
		Debug|x86 = Debug|x86
		Release|Any CPU = Release|Any CPU
		Release|x64 = Release|x64
		Release|x86 = Release|x86
	EndGlobalSection
	GlobalSection(SolutionProperties) = preSolution
		HideSolutionNode = FALSE
	EndGlobalSection
	GlobalSection(ProjectConfigurationPlatforms) = postSolution
		{541E92F7-E11F-4296-B900-D2724C664D4E}.Debug|Any CPU.ActiveCfg = Debug|Any CPU
		{541E92F7-E11F-4296-B900-D2724C664D4E}.Debug|Any CPU.Build.0 = Debug|Any CPU
		{541E92F7-E11F-4296-B900-D2724C664D4E}.Debug|x64.ActiveCfg = Debug|Any CPU
		{541E92F7-E11F-4296-B900-D2724C664D4E}.Debug|x64.Build.0 = Debug|Any CPU
		{541E92F7-E11F-4296-B900-D2724C664D4E}.Debug|x86.ActiveCfg = Debug|Any CPU
		{541E92F7-E11F-4296-B900-D2724C664D4E}.Debug|x86.Build.0 = Debug|Any CPU
		{541E92F7-E11F-4296-B900-D2724C664D4E}.Release|Any CPU.ActiveCfg = Release|Any CPU
		{541E92F7-E11F-4296-B900-D2724C664D4E}.Release|Any CPU.Build.0 = Release|Any CPU
		{541E92F7-E11F-4296-B900-D2724C664D4E}.Release|x64.ActiveCfg = Release|Any CPU
		{541E92F7-E11F-4296-B900-D2724C664D4E}.Release|x64.Build.0 = Release|Any CPU
		{541E92F7-E11F-4296-B900-D2724C664D4E}.Release|x86.ActiveCfg = Release|Any CPU
		{541E92F7-E11F-4296-B900-D2724C664D4E}.Release|x86.Build.0 = Release|Any CPU
		{9A9FDF87-DEF7-4A0A-9543-2B604DFCAF02}.Debug|Any CPU.ActiveCfg = Debug|Any CPU
		{9A9FDF87-DEF7-4A0A-9543-2B604DFCAF02}.Debug|Any CPU.Build.0 = Debug|Any CPU
		{9A9FDF87-DEF7-4A0A-9543-2B604DFCAF02}.Debug|x64.ActiveCfg = Debug|Any CPU
		{9A9FDF87-DEF7-4A0A-9543-2B604DFCAF02}.Debug|x64.Build.0 = Debug|Any CPU
		{9A9FDF87-DEF7-4A0A-9543-2B604DFCAF02}.Debug|x86.ActiveCfg = Debug|Any CPU
		{9A9FDF87-DEF7-4A0A-9543-2B604DFCAF02}.Debug|x86.Build.0 = Debug|Any CPU
		{9A9FDF87-DEF7-4A0A-9543-2B604DFCAF02}.Release|Any CPU.ActiveCfg = Release|Any CPU
		{9A9FDF87-DEF7-4A0A-9543-2B604DFCAF02}.Release|Any CPU.Build.0 = Release|Any CPU
		{9A9FDF87-DEF7-4A0A-9543-2B604DFCAF02}.Release|x64.ActiveCfg = Release|Any CPU
		{9A9FDF87-DEF7-4A0A-9543-2B604DFCAF02}.Release|x64.Build.0 = Release|Any CPU
		{9A9FDF87-DEF7-4A0A-9543-2B604DFCAF02}.Release|x86.ActiveCfg = Release|Any CPU
		{9A9FDF87-DEF7-4A0A-9543-2B604DFCAF02}.Release|x86.Build.0 = Release|Any CPU
		{91DD1AFE-A146-4611-8712-18CAC4E768ED}.Debug|Any CPU.ActiveCfg = Debug|Any CPU
		{91DD1AFE-A146-4611-8712-18CAC4E768ED}.Debug|Any CPU.Build.0 = Debug|Any CPU
		{91DD1AFE-A146-4611-8712-18CAC4E768ED}.Debug|x64.ActiveCfg = Debug|Any CPU
		{91DD1AFE-A146-4611-8712-18CAC4E768ED}.Debug|x64.Build.0 = Debug|Any CPU
		{91DD1AFE-A146-4611-8712-18CAC4E768ED}.Debug|x86.ActiveCfg = Debug|Any CPU
		{91DD1AFE-A146-4611-8712-18CAC4E768ED}.Debug|x86.Build.0 = Debug|Any CPU
		{91DD1AFE-A146-4611-8712-18CAC4E768ED}.Release|Any CPU.ActiveCfg = Release|Any CPU
		{91DD1AFE-A146-4611-8712-18CAC4E768ED}.Release|Any CPU.Build.0 = Release|Any CPU
		{91DD1AFE-A146-4611-8712-18CAC4E768ED}.Release|x64.ActiveCfg = Release|Any CPU
		{91DD1AFE-A146-4611-8712-18CAC4E768ED}.Release|x64.Build.0 = Release|Any CPU
		{91DD1AFE-A146-4611-8712-18CAC4E768ED}.Release|x86.ActiveCfg = Release|Any CPU
		{91DD1AFE-A146-4611-8712-18CAC4E768ED}.Release|x86.Build.0 = Release|Any CPU
		{32ED02D6-D0E2-4D6B-9727-333FA381D41F}.Debug|Any CPU.ActiveCfg = Debug|Any CPU
		{32ED02D6-D0E2-4D6B-9727-333FA381D41F}.Debug|Any CPU.Build.0 = Debug|Any CPU
		{32ED02D6-D0E2-4D6B-9727-333FA381D41F}.Debug|x64.ActiveCfg = Debug|Any CPU
		{32ED02D6-D0E2-4D6B-9727-333FA381D41F}.Debug|x64.Build.0 = Debug|Any CPU
		{32ED02D6-D0E2-4D6B-9727-333FA381D41F}.Debug|x86.ActiveCfg = Debug|Any CPU
		{32ED02D6-D0E2-4D6B-9727-333FA381D41F}.Debug|x86.Build.0 = Debug|Any CPU
		{32ED02D6-D0E2-4D6B-9727-333FA381D41F}.Release|Any CPU.ActiveCfg = Release|Any CPU
		{32ED02D6-D0E2-4D6B-9727-333FA381D41F}.Release|Any CPU.Build.0 = Release|Any CPU
		{32ED02D6-D0E2-4D6B-9727-333FA381D41F}.Release|x64.ActiveCfg = Release|Any CPU
		{32ED02D6-D0E2-4D6B-9727-333FA381D41F}.Release|x64.Build.0 = Release|Any CPU
		{32ED02D6-D0E2-4D6B-9727-333FA381D41F}.Release|x86.ActiveCfg = Release|Any CPU
		{32ED02D6-D0E2-4D6B-9727-333FA381D41F}.Release|x86.Build.0 = Release|Any CPU
		{03652A46-846D-4453-A0C6-80F631A8AD03}.Debug|Any CPU.ActiveCfg = Debug|Any CPU
		{03652A46-846D-4453-A0C6-80F631A8AD03}.Debug|Any CPU.Build.0 = Debug|Any CPU
		{03652A46-846D-4453-A0C6-80F631A8AD03}.Debug|x64.ActiveCfg = Debug|Any CPU
		{03652A46-846D-4453-A0C6-80F631A8AD03}.Debug|x64.Build.0 = Debug|Any CPU
		{03652A46-846D-4453-A0C6-80F631A8AD03}.Debug|x86.ActiveCfg = Debug|Any CPU
		{03652A46-846D-4453-A0C6-80F631A8AD03}.Debug|x86.Build.0 = Debug|Any CPU
		{03652A46-846D-4453-A0C6-80F631A8AD03}.Release|Any CPU.ActiveCfg = Release|Any CPU
		{03652A46-846D-4453-A0C6-80F631A8AD03}.Release|Any CPU.Build.0 = Release|Any CPU
		{03652A46-846D-4453-A0C6-80F631A8AD03}.Release|x64.ActiveCfg = Release|Any CPU
		{03652A46-846D-4453-A0C6-80F631A8AD03}.Release|x64.Build.0 = Release|Any CPU
		{03652A46-846D-4453-A0C6-80F631A8AD03}.Release|x86.ActiveCfg = Release|Any CPU
		{03652A46-846D-4453-A0C6-80F631A8AD03}.Release|x86.Build.0 = Release|Any CPU
		{A4213E5C-C017-4BB9-A6A6-A9E99371111D}.Debug|Any CPU.ActiveCfg = Debug|Any CPU
		{A4213E5C-C017-4BB9-A6A6-A9E99371111D}.Debug|Any CPU.Build.0 = Debug|Any CPU
		{A4213E5C-C017-4BB9-A6A6-A9E99371111D}.Debug|x64.ActiveCfg = Debug|Any CPU
		{A4213E5C-C017-4BB9-A6A6-A9E99371111D}.Debug|x64.Build.0 = Debug|Any CPU
		{A4213E5C-C017-4BB9-A6A6-A9E99371111D}.Debug|x86.ActiveCfg = Debug|Any CPU
		{A4213E5C-C017-4BB9-A6A6-A9E99371111D}.Debug|x86.Build.0 = Debug|Any CPU
		{A4213E5C-C017-4BB9-A6A6-A9E99371111D}.Release|Any CPU.ActiveCfg = Release|Any CPU
		{A4213E5C-C017-4BB9-A6A6-A9E99371111D}.Release|Any CPU.Build.0 = Release|Any CPU
		{A4213E5C-C017-4BB9-A6A6-A9E99371111D}.Release|x64.ActiveCfg = Release|Any CPU
		{A4213E5C-C017-4BB9-A6A6-A9E99371111D}.Release|x64.Build.0 = Release|Any CPU
		{A4213E5C-C017-4BB9-A6A6-A9E99371111D}.Release|x86.ActiveCfg = Release|Any CPU
		{A4213E5C-C017-4BB9-A6A6-A9E99371111D}.Release|x86.Build.0 = Release|Any CPU
		{300EDE35-09B1-4EA6-9B00-8D5BD66F5531}.Debug|Any CPU.ActiveCfg = Debug|Any CPU
		{300EDE35-09B1-4EA6-9B00-8D5BD66F5531}.Debug|Any CPU.Build.0 = Debug|Any CPU
		{300EDE35-09B1-4EA6-9B00-8D5BD66F5531}.Debug|x64.ActiveCfg = Debug|Any CPU
		{300EDE35-09B1-4EA6-9B00-8D5BD66F5531}.Debug|x64.Build.0 = Debug|Any CPU
		{300EDE35-09B1-4EA6-9B00-8D5BD66F5531}.Debug|x86.ActiveCfg = Debug|Any CPU
		{300EDE35-09B1-4EA6-9B00-8D5BD66F5531}.Debug|x86.Build.0 = Debug|Any CPU
		{300EDE35-09B1-4EA6-9B00-8D5BD66F5531}.Release|Any CPU.ActiveCfg = Release|Any CPU
		{300EDE35-09B1-4EA6-9B00-8D5BD66F5531}.Release|Any CPU.Build.0 = Release|Any CPU
		{300EDE35-09B1-4EA6-9B00-8D5BD66F5531}.Release|x64.ActiveCfg = Release|Any CPU
		{300EDE35-09B1-4EA6-9B00-8D5BD66F5531}.Release|x64.Build.0 = Release|Any CPU
		{300EDE35-09B1-4EA6-9B00-8D5BD66F5531}.Release|x86.ActiveCfg = Release|Any CPU
		{300EDE35-09B1-4EA6-9B00-8D5BD66F5531}.Release|x86.Build.0 = Release|Any CPU
	EndGlobalSection
	GlobalSection(NestedProjects) = preSolution
		{541E92F7-E11F-4296-B900-D2724C664D4E} = {B21BA716-8767-40F0-8BE5-5F33AC9762B4}
		{9A9FDF87-DEF7-4A0A-9543-2B604DFCAF02} = {B21BA716-8767-40F0-8BE5-5F33AC9762B4}
		{91DD1AFE-A146-4611-8712-18CAC4E768ED} = {B21BA716-8767-40F0-8BE5-5F33AC9762B4}
		{32ED02D6-D0E2-4D6B-9727-333FA381D41F} = {B21BA716-8767-40F0-8BE5-5F33AC9762B4}
		{03652A46-846D-4453-A0C6-80F631A8AD03} = {CF93DA10-8D17-40D4-9B35-38434E498B1B}
		{A4213E5C-C017-4BB9-A6A6-A9E99371111D} = {CF93DA10-8D17-40D4-9B35-38434E498B1B}
		{300EDE35-09B1-4EA6-9B00-8D5BD66F5531} = {CF93DA10-8D17-40D4-9B35-38434E498B1B}
	EndGlobalSection
EndGlobal
