
Microsoft Visual Studio Solution File, Format Version 12.00
# Visual Studio Version 16
VisualStudioVersion = 16.0.29709.97
MinimumVisualStudioVersion = 15.0.26124.0
Project("{2150E333-8FDC-42A3-9474-1A3956D46DE8}") = "src", "src", "{B21BA716-8767-40F0-8BE5-5F33AC9762B4}"
EndProject
Project("{9A19103F-16F7-4668-BE54-9A1E7A4F7556}") = "EventGridPubSub.Publisher", "src\EventGridPubSub.Publisher\EventGridPubSub.Publisher.csproj", "{541E92F7-E11F-4296-B900-D2724C664D4E}"
EndProject
Project("{9A19103F-16F7-4668-BE54-9A1E7A4F7556}") = "EventGridPubSub.InMemoryMock", "src\EventGridPubSub.InMemoryMock\EventGridPubSub.InMemoryMock.csproj", "{32ED02D6-D0E2-4D6B-9727-333FA381D41F}"
EndProject
Project("{2150E333-8FDC-42A3-9474-1A3956D46DE8}") = "tests", "tests", "{CF93DA10-8D17-40D4-9B35-38434E498B1B}"
EndProject
Project("{9A19103F-16F7-4668-BE54-9A1E7A4F7556}") = "EventGrid.Tests.Publisher", "tests\EventGrid.Tests.Publisher\EventGrid.Tests.Publisher.csproj", "{03652A46-846D-4453-A0C6-80F631A8AD03}"
EndProject
Project("{9A19103F-16F7-4668-BE54-9A1E7A4F7556}") = "EventGrid.Tests.InMemoryMock", "tests\EventGrid.Tests.InMemoryMock\EventGrid.Tests.InMemoryMock.csproj", "{300EDE35-09B1-4EA6-9B00-8D5BD66F5531}"
EndProject
Project("{9A19103F-16F7-4668-BE54-9A1E7A4F7556}") = "EventGridPubSub.Types", "src\EventGridPubSub.Types\EventGridPubSub.Types.csproj", "{C19DD1DD-1AFF-4F27-B45A-1F84411C6FE9}"
EndProject
Project("{2150E333-8FDC-42A3-9474-1A3956D46DE8}") = "docs", "docs", "{3110BDD8-2BA2-4A29-BECB-B21D4F0F5FFB}"
	ProjectSection(SolutionItems) = preProject
		deploy.ps1 = deploy.ps1
		LICENSE.md = LICENSE.md
		README.md = README.md
	EndProjectSection
EndProject
Project("{9A19103F-16F7-4668-BE54-9A1E7A4F7556}") = "EventGrid.Tests.Types", "tests\EventGrid.Tests.Types\EventGrid.Tests.Types.csproj", "{F1826185-8CAF-4711-87D3-B1A9AC250388}"
EndProject
Global
	GlobalSection(SolutionConfigurationPlatforms) = preSolution
		Debug|Any CPU = Debug|Any CPU
		Debug|x64 = Debug|x64
		Debug|x86 = Debug|x86
		Release|Any CPU = Release|Any CPU
		Release|x64 = Release|x64
		Release|x86 = Release|x86
	EndGlobalSection
	GlobalSection(ProjectConfigurationPlatforms) = postSolution
		{541E92F7-E11F-4296-B900-D2724C664D4E}.Debug|Any CPU.ActiveCfg = Debug|Any CPU
		{541E92F7-E11F-4296-B900-D2724C664D4E}.Debug|Any CPU.Build.0 = Debug|Any CPU
		{541E92F7-E11F-4296-B900-D2724C664D4E}.Debug|x64.ActiveCfg = Debug|Any CPU
		{541E92F7-E11F-4296-B900-D2724C664D4E}.Debug|x64.Build.0 = Debug|Any CPU
		{541E92F7-E11F-4296-B900-D2724C664D4E}.Debug|x86.ActiveCfg = Debug|Any CPU
		{541E92F7-E11F-4296-B900-D2724C664D4E}.Debug|x86.Build.0 = Debug|Any CPU
		{541E92F7-E11F-4296-B900-D2724C664D4E}.Release|Any CPU.ActiveCfg = Release|Any CPU
		{541E92F7-E11F-4296-B900-D2724C664D4E}.Release|Any CPU.Build.0 = Release|Any CPU
		{541E92F7-E11F-4296-B900-D2724C664D4E}.Release|x64.ActiveCfg = Release|Any CPU
		{541E92F7-E11F-4296-B900-D2724C664D4E}.Release|x64.Build.0 = Release|Any CPU
		{541E92F7-E11F-4296-B900-D2724C664D4E}.Release|x86.ActiveCfg = Release|Any CPU
		{541E92F7-E11F-4296-B900-D2724C664D4E}.Release|x86.Build.0 = Release|Any CPU
		{32ED02D6-D0E2-4D6B-9727-333FA381D41F}.Debug|Any CPU.ActiveCfg = Debug|Any CPU
		{32ED02D6-D0E2-4D6B-9727-333FA381D41F}.Debug|Any CPU.Build.0 = Debug|Any CPU
		{32ED02D6-D0E2-4D6B-9727-333FA381D41F}.Debug|x64.ActiveCfg = Debug|Any CPU
		{32ED02D6-D0E2-4D6B-9727-333FA381D41F}.Debug|x64.Build.0 = Debug|Any CPU
		{32ED02D6-D0E2-4D6B-9727-333FA381D41F}.Debug|x86.ActiveCfg = Debug|Any CPU
		{32ED02D6-D0E2-4D6B-9727-333FA381D41F}.Debug|x86.Build.0 = Debug|Any CPU
		{32ED02D6-D0E2-4D6B-9727-333FA381D41F}.Release|Any CPU.ActiveCfg = Release|Any CPU
		{32ED02D6-D0E2-4D6B-9727-333FA381D41F}.Release|Any CPU.Build.0 = Release|Any CPU
		{32ED02D6-D0E2-4D6B-9727-333FA381D41F}.Release|x64.ActiveCfg = Release|Any CPU
		{32ED02D6-D0E2-4D6B-9727-333FA381D41F}.Release|x64.Build.0 = Release|Any CPU
		{32ED02D6-D0E2-4D6B-9727-333FA381D41F}.Release|x86.ActiveCfg = Release|Any CPU
		{32ED02D6-D0E2-4D6B-9727-333FA381D41F}.Release|x86.Build.0 = Release|Any CPU
		{03652A46-846D-4453-A0C6-80F631A8AD03}.Debug|Any CPU.ActiveCfg = Debug|Any CPU
		{03652A46-846D-4453-A0C6-80F631A8AD03}.Debug|Any CPU.Build.0 = Debug|Any CPU
		{03652A46-846D-4453-A0C6-80F631A8AD03}.Debug|x64.ActiveCfg = Debug|Any CPU
		{03652A46-846D-4453-A0C6-80F631A8AD03}.Debug|x64.Build.0 = Debug|Any CPU
		{03652A46-846D-4453-A0C6-80F631A8AD03}.Debug|x86.ActiveCfg = Debug|Any CPU
		{03652A46-846D-4453-A0C6-80F631A8AD03}.Debug|x86.Build.0 = Debug|Any CPU
		{03652A46-846D-4453-A0C6-80F631A8AD03}.Release|Any CPU.ActiveCfg = Release|Any CPU
		{03652A46-846D-4453-A0C6-80F631A8AD03}.Release|Any CPU.Build.0 = Release|Any CPU
		{03652A46-846D-4453-A0C6-80F631A8AD03}.Release|x64.ActiveCfg = Release|Any CPU
		{03652A46-846D-4453-A0C6-80F631A8AD03}.Release|x64.Build.0 = Release|Any CPU
		{03652A46-846D-4453-A0C6-80F631A8AD03}.Release|x86.ActiveCfg = Release|Any CPU
		{03652A46-846D-4453-A0C6-80F631A8AD03}.Release|x86.Build.0 = Release|Any CPU
		{300EDE35-09B1-4EA6-9B00-8D5BD66F5531}.Debug|Any CPU.ActiveCfg = Debug|Any CPU
		{300EDE35-09B1-4EA6-9B00-8D5BD66F5531}.Debug|Any CPU.Build.0 = Debug|Any CPU
		{300EDE35-09B1-4EA6-9B00-8D5BD66F5531}.Debug|x64.ActiveCfg = Debug|Any CPU
		{300EDE35-09B1-4EA6-9B00-8D5BD66F5531}.Debug|x64.Build.0 = Debug|Any CPU
		{300EDE35-09B1-4EA6-9B00-8D5BD66F5531}.Debug|x86.ActiveCfg = Debug|Any CPU
		{300EDE35-09B1-4EA6-9B00-8D5BD66F5531}.Debug|x86.Build.0 = Debug|Any CPU
		{300EDE35-09B1-4EA6-9B00-8D5BD66F5531}.Release|Any CPU.ActiveCfg = Release|Any CPU
		{300EDE35-09B1-4EA6-9B00-8D5BD66F5531}.Release|Any CPU.Build.0 = Release|Any CPU
		{300EDE35-09B1-4EA6-9B00-8D5BD66F5531}.Release|x64.ActiveCfg = Release|Any CPU
		{300EDE35-09B1-4EA6-9B00-8D5BD66F5531}.Release|x64.Build.0 = Release|Any CPU
		{300EDE35-09B1-4EA6-9B00-8D5BD66F5531}.Release|x86.ActiveCfg = Release|Any CPU
		{300EDE35-09B1-4EA6-9B00-8D5BD66F5531}.Release|x86.Build.0 = Release|Any CPU
		{C19DD1DD-1AFF-4F27-B45A-1F84411C6FE9}.Debug|Any CPU.ActiveCfg = Debug|Any CPU
		{C19DD1DD-1AFF-4F27-B45A-1F84411C6FE9}.Debug|Any CPU.Build.0 = Debug|Any CPU
		{C19DD1DD-1AFF-4F27-B45A-1F84411C6FE9}.Debug|x64.ActiveCfg = Debug|Any CPU
		{C19DD1DD-1AFF-4F27-B45A-1F84411C6FE9}.Debug|x64.Build.0 = Debug|Any CPU
		{C19DD1DD-1AFF-4F27-B45A-1F84411C6FE9}.Debug|x86.ActiveCfg = Debug|Any CPU
		{C19DD1DD-1AFF-4F27-B45A-1F84411C6FE9}.Debug|x86.Build.0 = Debug|Any CPU
		{C19DD1DD-1AFF-4F27-B45A-1F84411C6FE9}.Release|Any CPU.ActiveCfg = Release|Any CPU
		{C19DD1DD-1AFF-4F27-B45A-1F84411C6FE9}.Release|Any CPU.Build.0 = Release|Any CPU
		{C19DD1DD-1AFF-4F27-B45A-1F84411C6FE9}.Release|x64.ActiveCfg = Release|Any CPU
		{C19DD1DD-1AFF-4F27-B45A-1F84411C6FE9}.Release|x64.Build.0 = Release|Any CPU
		{C19DD1DD-1AFF-4F27-B45A-1F84411C6FE9}.Release|x86.ActiveCfg = Release|Any CPU
		{C19DD1DD-1AFF-4F27-B45A-1F84411C6FE9}.Release|x86.Build.0 = Release|Any CPU
		{F1826185-8CAF-4711-87D3-B1A9AC250388}.Debug|Any CPU.ActiveCfg = Debug|Any CPU
		{F1826185-8CAF-4711-87D3-B1A9AC250388}.Debug|Any CPU.Build.0 = Debug|Any CPU
		{F1826185-8CAF-4711-87D3-B1A9AC250388}.Debug|x64.ActiveCfg = Debug|Any CPU
		{F1826185-8CAF-4711-87D3-B1A9AC250388}.Debug|x64.Build.0 = Debug|Any CPU
		{F1826185-8CAF-4711-87D3-B1A9AC250388}.Debug|x86.ActiveCfg = Debug|Any CPU
		{F1826185-8CAF-4711-87D3-B1A9AC250388}.Debug|x86.Build.0 = Debug|Any CPU
		{F1826185-8CAF-4711-87D3-B1A9AC250388}.Release|Any CPU.ActiveCfg = Release|Any CPU
		{F1826185-8CAF-4711-87D3-B1A9AC250388}.Release|Any CPU.Build.0 = Release|Any CPU
		{F1826185-8CAF-4711-87D3-B1A9AC250388}.Release|x64.ActiveCfg = Release|Any CPU
		{F1826185-8CAF-4711-87D3-B1A9AC250388}.Release|x64.Build.0 = Release|Any CPU
		{F1826185-8CAF-4711-87D3-B1A9AC250388}.Release|x86.ActiveCfg = Release|Any CPU
		{F1826185-8CAF-4711-87D3-B1A9AC250388}.Release|x86.Build.0 = Release|Any CPU
	EndGlobalSection
	GlobalSection(SolutionProperties) = preSolution
		HideSolutionNode = FALSE
	EndGlobalSection
	GlobalSection(NestedProjects) = preSolution
		{541E92F7-E11F-4296-B900-D2724C664D4E} = {B21BA716-8767-40F0-8BE5-5F33AC9762B4}
		{32ED02D6-D0E2-4D6B-9727-333FA381D41F} = {B21BA716-8767-40F0-8BE5-5F33AC9762B4}
		{03652A46-846D-4453-A0C6-80F631A8AD03} = {CF93DA10-8D17-40D4-9B35-38434E498B1B}
		{300EDE35-09B1-4EA6-9B00-8D5BD66F5531} = {CF93DA10-8D17-40D4-9B35-38434E498B1B}
		{C19DD1DD-1AFF-4F27-B45A-1F84411C6FE9} = {B21BA716-8767-40F0-8BE5-5F33AC9762B4}
		{F1826185-8CAF-4711-87D3-B1A9AC250388} = {CF93DA10-8D17-40D4-9B35-38434E498B1B}
	EndGlobalSection
	GlobalSection(ExtensibilityGlobals) = postSolution
		SolutionGuid = {DD48C091-8EC8-444D-946B-ED0E5BE85EAB}
	EndGlobalSection
EndGlobal
